// !$*UTF8*$!
{
	archiveVersion = 1;
	classes = {
	};
	objectVersion = 48;
	objects = {

/* Begin PBXBuildFile section */
		A7025F822028F9F600E9239E /* AppDelegate.swift in Sources */ = {isa = PBXBuildFile; fileRef = A7025F812028F9F600E9239E /* AppDelegate.swift */; };
		A7025F842028F9F600E9239E /* ViewController.swift in Sources */ = {isa = PBXBuildFile; fileRef = A7025F832028F9F600E9239E /* ViewController.swift */; };
		A7025F872028F9F600E9239E /* Main.storyboard in Resources */ = {isa = PBXBuildFile; fileRef = A7025F852028F9F600E9239E /* Main.storyboard */; };
		A7025F8A2028F9F600E9239E /* ButtonFunZacC.xcdatamodeld in Sources */ = {isa = PBXBuildFile; fileRef = A7025F882028F9F600E9239E /* ButtonFunZacC.xcdatamodeld */; };
		A7025F8C2028F9F600E9239E /* Assets.xcassets in Resources */ = {isa = PBXBuildFile; fileRef = A7025F8B2028F9F600E9239E /* Assets.xcassets */; };
		A7025F8F2028F9F600E9239E /* LaunchScreen.storyboard in Resources */ = {isa = PBXBuildFile; fileRef = A7025F8D2028F9F600E9239E /* LaunchScreen.storyboard */; };
		A7025F9A2028F9F600E9239E /* ButtonFunZacCTests.swift in Sources */ = {isa = PBXBuildFile; fileRef = A7025F992028F9F600E9239E /* ButtonFunZacCTests.swift */; };
		A7025FA52028F9F600E9239E /* ButtonFunZacCUITests.swift in Sources */ = {isa = PBXBuildFile; fileRef = A7025FA42028F9F600E9239E /* ButtonFunZacCUITests.swift */; };
/* End PBXBuildFile section */

/* Begin PBXContainerItemProxy section */
		A7025F962028F9F600E9239E /* PBXContainerItemProxy */ = {
			isa = PBXContainerItemProxy;
			containerPortal = A7025F762028F9F600E9239E /* Project object */;
			proxyType = 1;
			remoteGlobalIDString = A7025F7D2028F9F600E9239E;
			remoteInfo = ButtonFunZacC;
		};
		A7025FA12028F9F600E9239E /* PBXContainerItemProxy */ = {
			isa = PBXContainerItemProxy;
			containerPortal = A7025F762028F9F600E9239E /* Project object */;
			proxyType = 1;
			remoteGlobalIDString = A7025F7D2028F9F600E9239E;
			remoteInfo = ButtonFunZacC;
		};
/* End PBXContainerItemProxy section */

/* Begin PBXFileReference section */
		A7025F7E2028F9F600E9239E /* ButtonFunZacC.app */ = {isa = PBXFileReference; explicitFileType = wrapper.application; includeInIndex = 0; path = ButtonFunZacC.app; sourceTree = BUILT_PRODUCTS_DIR; };
		A7025F812028F9F600E9239E /* AppDelegate.swift */ = {isa = PBXFileReference; lastKnownFileType = sourcecode.swift; path = AppDelegate.swift; sourceTree = "<group>"; };
		A7025F832028F9F600E9239E /* ViewController.swift */ = {isa = PBXFileReference; lastKnownFileType = sourcecode.swift; path = ViewController.swift; sourceTree = "<group>"; };
		A7025F862028F9F600E9239E /* Base */ = {isa = PBXFileReference; lastKnownFileType = file.storyboard; name = Base; path = Base.lproj/Main.storyboard; sourceTree = "<group>"; };
		A7025F892028F9F600E9239E /* ButtonFunZacC.xcdatamodel */ = {isa = PBXFileReference; lastKnownFileType = wrapper.xcdatamodel; path = ButtonFunZacC.xcdatamodel; sourceTree = "<group>"; };
		A7025F8B2028F9F600E9239E /* Assets.xcassets */ = {isa = PBXFileReference; lastKnownFileType = folder.assetcatalog; path = Assets.xcassets; sourceTree = "<group>"; };
		A7025F8E2028F9F600E9239E /* Base */ = {isa = PBXFileReference; lastKnownFileType = file.storyboard; name = Base; path = Base.lproj/LaunchScreen.storyboard; sourceTree = "<group>"; };
		A7025F902028F9F600E9239E /* Info.plist */ = {isa = PBXFileReference; lastKnownFileType = text.plist.xml; path = Info.plist; sourceTree = "<group>"; };
		A7025F952028F9F600E9239E /* ButtonFunZacCTests.xctest */ = {isa = PBXFileReference; explicitFileType = wrapper.cfbundle; includeInIndex = 0; path = ButtonFunZacCTests.xctest; sourceTree = BUILT_PRODUCTS_DIR; };
		A7025F992028F9F600E9239E /* ButtonFunZacCTests.swift */ = {isa = PBXFileReference; lastKnownFileType = sourcecode.swift; path = ButtonFunZacCTests.swift; sourceTree = "<group>"; };
		A7025F9B2028F9F600E9239E /* Info.plist */ = {isa = PBXFileReference; lastKnownFileType = text.plist.xml; path = Info.plist; sourceTree = "<group>"; };
		A7025FA02028F9F600E9239E /* ButtonFunZacCUITests.xctest */ = {isa = PBXFileReference; explicitFileType = wrapper.cfbundle; includeInIndex = 0; path = ButtonFunZacCUITests.xctest; sourceTree = BUILT_PRODUCTS_DIR; };
		A7025FA42028F9F600E9239E /* ButtonFunZacCUITests.swift */ = {isa = PBXFileReference; lastKnownFileType = sourcecode.swift; path = ButtonFunZacCUITests.swift; sourceTree = "<group>"; };
		A7025FA62028F9F700E9239E /* Info.plist */ = {isa = PBXFileReference; lastKnownFileType = text.plist.xml; path = Info.plist; sourceTree = "<group>"; };
/* End PBXFileReference section */

/* Begin PBXFrameworksBuildPhase section */
		A7025F7B2028F9F600E9239E /* Frameworks */ = {
			isa = PBXFrameworksBuildPhase;
			buildActionMask = 2147483647;
			files = (
			);
			runOnlyForDeploymentPostprocessing = 0;
		};
		A7025F922028F9F600E9239E /* Frameworks */ = {
			isa = PBXFrameworksBuildPhase;
			buildActionMask = 2147483647;
			files = (
			);
			runOnlyForDeploymentPostprocessing = 0;
		};
		A7025F9D2028F9F600E9239E /* Frameworks */ = {
			isa = PBXFrameworksBuildPhase;
			buildActionMask = 2147483647;
			files = (
			);
			runOnlyForDeploymentPostprocessing = 0;
		};
/* End PBXFrameworksBuildPhase section */

/* Begin PBXGroup section */
		A7025F752028F9F600E9239E = {
			isa = PBXGroup;
			children = (
				A7025F802028F9F600E9239E /* ButtonFunZacC */,
				A7025F982028F9F600E9239E /* ButtonFunZacCTests */,
				A7025FA32028F9F600E9239E /* ButtonFunZacCUITests */,
				A7025F7F2028F9F600E9239E /* Products */,
			);
			sourceTree = "<group>";
		};
		A7025F7F2028F9F600E9239E /* Products */ = {
			isa = PBXGroup;
			children = (
				A7025F7E2028F9F600E9239E /* ButtonFunZacC.app */,
				A7025F952028F9F600E9239E /* ButtonFunZacCTests.xctest */,
				A7025FA02028F9F600E9239E /* ButtonFunZacCUITests.xctest */,
			);
			name = Products;
			sourceTree = "<group>";
		};
		A7025F802028F9F600E9239E /* ButtonFunZacC */ = {
			isa = PBXGroup;
			children = (
				A7025F812028F9F600E9239E /* AppDelegate.swift */,
				A7025F832028F9F600E9239E /* ViewController.swift */,
				A7025F852028F9F600E9239E /* Main.storyboard */,
				A7025F8B2028F9F600E9239E /* Assets.xcassets */,
				A7025F8D2028F9F600E9239E /* LaunchScreen.storyboard */,
				A7025F902028F9F600E9239E /* Info.plist */,
				A7025F882028F9F600E9239E /* ButtonFunZacC.xcdatamodeld */,
			);
			path = ButtonFunZacC;
			sourceTree = "<group>";
		};
		A7025F982028F9F600E9239E /* ButtonFunZacCTests */ = {
			isa = PBXGroup;
			children = (
				A7025F992028F9F600E9239E /* ButtonFunZacCTests.swift */,
				A7025F9B2028F9F600E9239E /* Info.plist */,
			);
			path = ButtonFunZacCTests;
			sourceTree = "<group>";
		};
		A7025FA32028F9F600E9239E /* ButtonFunZacCUITests */ = {
			isa = PBXGroup;
			children = (
				A7025FA42028F9F600E9239E /* ButtonFunZacCUITests.swift */,
				A7025FA62028F9F700E9239E /* Info.plist */,
			);
			path = ButtonFunZacCUITests;
			sourceTree = "<group>";
		};
/* End PBXGroup section */

/* Begin PBXNativeTarget section */
		A7025F7D2028F9F600E9239E /* ButtonFunZacC */ = {
			isa = PBXNativeTarget;
			buildConfigurationList = A7025FA92028F9F700E9239E /* Build configuration list for PBXNativeTarget "ButtonFunZacC" */;
			buildPhases = (
				A7025F7A2028F9F600E9239E /* Sources */,
				A7025F7B2028F9F600E9239E /* Frameworks */,
				A7025F7C2028F9F600E9239E /* Resources */,
			);
			buildRules = (
			);
			dependencies = (
			);
			name = ButtonFunZacC;
			productName = ButtonFunZacC;
			productReference = A7025F7E2028F9F600E9239E /* ButtonFunZacC.app */;
			productType = "com.apple.product-type.application";
		};
		A7025F942028F9F600E9239E /* ButtonFunZacCTests */ = {
			isa = PBXNativeTarget;
			buildConfigurationList = A7025FAC2028F9F700E9239E /* Build configuration list for PBXNativeTarget "ButtonFunZacCTests" */;
			buildPhases = (
				A7025F912028F9F600E9239E /* Sources */,
				A7025F922028F9F600E9239E /* Frameworks */,
				A7025F932028F9F600E9239E /* Resources */,
			);
			buildRules = (
			);
			dependencies = (
				A7025F972028F9F600E9239E /* PBXTargetDependency */,
			);
			name = ButtonFunZacCTests;
			productName = ButtonFunZacCTests;
			productReference = A7025F952028F9F600E9239E /* ButtonFunZacCTests.xctest */;
			productType = "com.apple.product-type.bundle.unit-test";
		};
		A7025F9F2028F9F600E9239E /* ButtonFunZacCUITests */ = {
			isa = PBXNativeTarget;
			buildConfigurationList = A7025FAF2028F9F700E9239E /* Build configuration list for PBXNativeTarget "ButtonFunZacCUITests" */;
			buildPhases = (
				A7025F9C2028F9F600E9239E /* Sources */,
				A7025F9D2028F9F600E9239E /* Frameworks */,
				A7025F9E2028F9F600E9239E /* Resources */,
			);
			buildRules = (
			);
			dependencies = (
				A7025FA22028F9F600E9239E /* PBXTargetDependency */,
			);
			name = ButtonFunZacCUITests;
			productName = ButtonFunZacCUITests;
			productReference = A7025FA02028F9F600E9239E /* ButtonFunZacCUITests.xctest */;
			productType = "com.apple.product-type.bundle.ui-testing";
		};
/* End PBXNativeTarget section */

/* Begin PBXProject section */
		A7025F762028F9F600E9239E /* Project object */ = {
			isa = PBXProject;
			attributes = {
				LastSwiftUpdateCheck = 0920;
				LastUpgradeCheck = 0920;
				ORGANIZATIONNAME = "Black Kobold Games";
				TargetAttributes = {
					A7025F7D2028F9F600E9239E = {
						CreatedOnToolsVersion = 9.2;
						ProvisioningStyle = Automatic;
					};
					A7025F942028F9F600E9239E = {
						CreatedOnToolsVersion = 9.2;
						ProvisioningStyle = Automatic;
						TestTargetID = A7025F7D2028F9F600E9239E;
					};
					A7025F9F2028F9F600E9239E = {
						CreatedOnToolsVersion = 9.2;
						ProvisioningStyle = Automatic;
						TestTargetID = A7025F7D2028F9F600E9239E;
					};
				};
			};
			buildConfigurationList = A7025F792028F9F600E9239E /* Build configuration list for PBXProject "ButtonFunZacC" */;
			compatibilityVersion = "Xcode 8.0";
			developmentRegion = en;
			hasScannedForEncodings = 0;
			knownRegions = (
				en,
				Base,
			);
			mainGroup = A7025F752028F9F600E9239E;
			productRefGroup = A7025F7F2028F9F600E9239E /* Products */;
			projectDirPath = "";
			projectRoot = "";
			targets = (
				A7025F7D2028F9F600E9239E /* ButtonFunZacC */,
				A7025F942028F9F600E9239E /* ButtonFunZacCTests */,
				A7025F9F2028F9F600E9239E /* ButtonFunZacCUITests */,
			);
		};
/* End PBXProject section */

/* Begin PBXResourcesBuildPhase section */
		A7025F7C2028F9F600E9239E /* Resources */ = {
			isa = PBXResourcesBuildPhase;
			buildActionMask = 2147483647;
			files = (
				A7025F8F2028F9F600E9239E /* LaunchScreen.storyboard in Resources */,
				A7025F8C2028F9F600E9239E /* Assets.xcassets in Resources */,
				A7025F872028F9F600E9239E /* Main.storyboard in Resources */,
			);
			runOnlyForDeploymentPostprocessing = 0;
		};
		A7025F932028F9F600E9239E /* Resources */ = {
			isa = PBXResourcesBuildPhase;
			buildActionMask = 2147483647;
			files = (
			);
			runOnlyForDeploymentPostprocessing = 0;
		};
		A7025F9E2028F9F600E9239E /* Resources */ = {
			isa = PBXResourcesBuildPhase;
			buildActionMask = 2147483647;
			files = (
			);
			runOnlyForDeploymentPostprocessing = 0;
		};
/* End PBXResourcesBuildPhase section */

/* Begin PBXSourcesBuildPhase section */
		A7025F7A2028F9F600E9239E /* Sources */ = {
			isa = PBXSourcesBuildPhase;
			buildActionMask = 2147483647;
			files = (
				A7025F8A2028F9F600E9239E /* ButtonFunZacC.xcdatamodeld in Sources */,
				A7025F842028F9F600E9239E /* ViewController.swift in Sources */,
				A7025F822028F9F600E9239E /* AppDelegate.swift in Sources */,
			);
			runOnlyForDeploymentPostprocessing = 0;
		};
		A7025F912028F9F600E9239E /* Sources */ = {
			isa = PBXSourcesBuildPhase;
			buildActionMask = 2147483647;
			files = (
				A7025F9A2028F9F600E9239E /* ButtonFunZacCTests.swift in Sources */,
			);
			runOnlyForDeploymentPostprocessing = 0;
		};
		A7025F9C2028F9F600E9239E /* Sources */ = {
			isa = PBXSourcesBuildPhase;
			buildActionMask = 2147483647;
			files = (
				A7025FA52028F9F600E9239E /* ButtonFunZacCUITests.swift in Sources */,
			);
			runOnlyForDeploymentPostprocessing = 0;
		};
/* End PBXSourcesBuildPhase section */

/* Begin PBXTargetDependency section */
		A7025F972028F9F600E9239E /* PBXTargetDependency */ = {
			isa = PBXTargetDependency;
			target = A7025F7D2028F9F600E9239E /* ButtonFunZacC */;
			targetProxy = A7025F962028F9F600E9239E /* PBXContainerItemProxy */;
		};
		A7025FA22028F9F600E9239E /* PBXTargetDependency */ = {
			isa = PBXTargetDependency;
			target = A7025F7D2028F9F600E9239E /* ButtonFunZacC */;
			targetProxy = A7025FA12028F9F600E9239E /* PBXContainerItemProxy */;
		};
/* End PBXTargetDependency section */

/* Begin PBXVariantGroup section */
		A7025F852028F9F600E9239E /* Main.storyboard */ = {
			isa = PBXVariantGroup;
			children = (
				A7025F862028F9F600E9239E /* Base */,
			);
			name = Main.storyboard;
			sourceTree = "<group>";
		};
		A7025F8D2028F9F600E9239E /* LaunchScreen.storyboard */ = {
			isa = PBXVariantGroup;
			children = (
				A7025F8E2028F9F600E9239E /* Base */,
			);
			name = LaunchScreen.storyboard;
			sourceTree = "<group>";
		};
/* End PBXVariantGroup section */

/* Begin XCBuildConfiguration section */
		A7025FA72028F9F700E9239E /* Debug */ = {
			isa = XCBuildConfiguration;
			buildSettings = {
				ALWAYS_SEARCH_USER_PATHS = NO;
				CLANG_ANALYZER_NONNULL = YES;
				CLANG_ANALYZER_NUMBER_OBJECT_CONVERSION = YES_AGGRESSIVE;
				CLANG_CXX_LANGUAGE_STANDARD = "gnu++14";
				CLANG_CXX_LIBRARY = "libc++";
				CLANG_ENABLE_MODULES = YES;
				CLANG_ENABLE_OBJC_ARC = YES;
				CLANG_WARN_BLOCK_CAPTURE_AUTORELEASING = YES;
				CLANG_WARN_BOOL_CONVERSION = YES;
				CLANG_WARN_COMMA = YES;
				CLANG_WARN_CONSTANT_CONVERSION = YES;
				CLANG_WARN_DIRECT_OBJC_ISA_USAGE = YES_ERROR;
				CLANG_WARN_DOCUMENTATION_COMMENTS = YES;
				CLANG_WARN_EMPTY_BODY = YES;
				CLANG_WARN_ENUM_CONVERSION = YES;
				CLANG_WARN_INFINITE_RECURSION = YES;
				CLANG_WARN_INT_CONVERSION = YES;
				CLANG_WARN_NON_LITERAL_NULL_CONVERSION = YES;
				CLANG_WARN_OBJC_LITERAL_CONVERSION = YES;
				CLANG_WARN_OBJC_ROOT_CLASS = YES_ERROR;
				CLANG_WARN_RANGE_LOOP_ANALYSIS = YES;
				CLANG_WARN_STRICT_PROTOTYPES = YES;
				CLANG_WARN_SUSPICIOUS_MOVE = YES;
				CLANG_WARN_UNGUARDED_AVAILABILITY = YES_AGGRESSIVE;
				CLANG_WARN_UNREACHABLE_CODE = YES;
				CLANG_WARN__DUPLICATE_METHOD_MATCH = YES;
				CODE_SIGN_IDENTITY = "iPhone Developer";
				COPY_PHASE_STRIP = NO;
				DEBUG_INFORMATION_FORMAT = dwarf;
				ENABLE_STRICT_OBJC_MSGSEND = YES;
				ENABLE_TESTABILITY = YES;
				GCC_C_LANGUAGE_STANDARD = gnu11;
				GCC_DYNAMIC_NO_PIC = NO;
				GCC_NO_COMMON_BLOCKS = YES;
				GCC_OPTIMIZATION_LEVEL = 0;
				GCC_PREPROCESSOR_DEFINITIONS = (
					"DEBUG=1",
					"$(inherited)",
				);
				GCC_WARN_64_TO_32_BIT_CONVERSION = YES;
				GCC_WARN_ABOUT_RETURN_TYPE = YES_ERROR;
				GCC_WARN_UNDECLARED_SELECTOR = YES;
				GCC_WARN_UNINITIALIZED_AUTOS = YES_AGGRESSIVE;
				GCC_WARN_UNUSED_FUNCTION = YES;
				GCC_WARN_UNUSED_VARIABLE = YES;
				IPHONEOS_DEPLOYMENT_TARGET = 11.2;
				MTL_ENABLE_DEBUG_INFO = YES;
				ONLY_ACTIVE_ARCH = YES;
				SDKROOT = iphoneos;
				SWIFT_ACTIVE_COMPILATION_CONDITIONS = DEBUG;
				SWIFT_OPTIMIZATION_LEVEL = "-Onone";
			};
			name = Debug;
		};
		A7025FA82028F9F700E9239E /* Release */ = {
			isa = XCBuildConfiguration;
			buildSettings = {
				ALWAYS_SEARCH_USER_PATHS = NO;
				CLANG_ANALYZER_NONNULL = YES;
				CLANG_ANALYZER_NUMBER_OBJECT_CONVERSION = YES_AGGRESSIVE;
				CLANG_CXX_LANGUAGE_STANDARD = "gnu++14";
				CLANG_CXX_LIBRARY = "libc++";
				CLANG_ENABLE_MODULES = YES;
				CLANG_ENABLE_OBJC_ARC = YES;
				CLANG_WARN_BLOCK_CAPTURE_AUTORELEASING = YES;
				CLANG_WARN_BOOL_CONVERSION = YES;
				CLANG_WARN_COMMA = YES;
				CLANG_WARN_CONSTANT_CONVERSION = YES;
				CLANG_WARN_DIRECT_OBJC_ISA_USAGE = YES_ERROR;
				CLANG_WARN_DOCUMENTATION_COMMENTS = YES;
				CLANG_WARN_EMPTY_BODY = YES;
				CLANG_WARN_ENUM_CONVERSION = YES;
				CLANG_WARN_INFINITE_RECURSION = YES;
				CLANG_WARN_INT_CONVERSION = YES;
				CLANG_WARN_NON_LITERAL_NULL_CONVERSION = YES;
				CLANG_WARN_OBJC_LITERAL_CONVERSION = YES;
				CLANG_WARN_OBJC_ROOT_CLASS = YES_ERROR;
				CLANG_WARN_RANGE_LOOP_ANALYSIS = YES;
				CLANG_WARN_STRICT_PROTOTYPES = YES;
				CLANG_WARN_SUSPICIOUS_MOVE = YES;
				CLANG_WARN_UNGUARDED_AVAILABILITY = YES_AGGRESSIVE;
				CLANG_WARN_UNREACHABLE_CODE = YES;
				CLANG_WARN__DUPLICATE_METHOD_MATCH = YES;
				CODE_SIGN_IDENTITY = "iPhone Developer";
				COPY_PHASE_STRIP = NO;
				DEBUG_INFORMATION_FORMAT = "dwarf-with-dsym";
				ENABLE_NS_ASSERTIONS = NO;
				ENABLE_STRICT_OBJC_MSGSEND = YES;
				GCC_C_LANGUAGE_STANDARD = gnu11;
				GCC_NO_COMMON_BLOCKS = YES;
				GCC_WARN_64_TO_32_BIT_CONVERSION = YES;
				GCC_WARN_ABOUT_RETURN_TYPE = YES_ERROR;
				GCC_WARN_UNDECLARED_SELECTOR = YES;
				GCC_WARN_UNINITIALIZED_AUTOS = YES_AGGRESSIVE;
				GCC_WARN_UNUSED_FUNCTION = YES;
				GCC_WARN_UNUSED_VARIABLE = YES;
				IPHONEOS_DEPLOYMENT_TARGET = 11.2;
				MTL_ENABLE_DEBUG_INFO = NO;
				SDKROOT = iphoneos;
				SWIFT_OPTIMIZATION_LEVEL = "-Owholemodule";
				VALIDATE_PRODUCT = YES;
			};
			name = Release;
		};
		A7025FAA2028F9F700E9239E /* Debug */ = {
			isa = XCBuildConfiguration;
			buildSettings = {
				ASSETCATALOG_COMPILER_APPICON_NAME = AppIcon;
				CODE_SIGN_STYLE = Automatic;
				INFOPLIST_FILE = ButtonFunZacC/Info.plist;
				LD_RUNPATH_SEARCH_PATHS = "$(inherited) @executable_path/Frameworks";
				PRODUCT_BUNDLE_IDENTIFIER = com.BKG.ButtonFunZacC;
				PRODUCT_NAME = "$(TARGET_NAME)";
				SWIFT_VERSION = 4.0;
				TARGETED_DEVICE_FAMILY = "1,2";
			};
			name = Debug;
		};
		A7025FAB2028F9F700E9239E /* Release */ = {
			isa = XCBuildConfiguration;
			buildSettings = {
				ASSETCATALOG_COMPILER_APPICON_NAME = AppIcon;
				CODE_SIGN_STYLE = Automatic;
				INFOPLIST_FILE = ButtonFunZacC/Info.plist;
				LD_RUNPATH_SEARCH_PATHS = "$(inherited) @executable_path/Frameworks";
				PRODUCT_BUNDLE_IDENTIFIER = com.BKG.ButtonFunZacC;
				PRODUCT_NAME = "$(TARGET_NAME)";
				SWIFT_VERSION = 4.0;
				TARGETED_DEVICE_FAMILY = "1,2";
			};
			name = Release;
		};
		A7025FAD2028F9F700E9239E /* Debug */ = {
			isa = XCBuildConfiguration;
			buildSettings = {
				ALWAYS_EMBED_SWIFT_STANDARD_LIBRARIES = YES;
				BUNDLE_LOADER = "$(TEST_HOST)";
				CODE_SIGN_STYLE = Automatic;
				INFOPLIST_FILE = ButtonFunZacCTests/Info.plist;
				LD_RUNPATH_SEARCH_PATHS = "$(inherited) @executable_path/Frameworks @loader_path/Frameworks";
				PRODUCT_BUNDLE_IDENTIFIER = com.BKG.ButtonFunZacCTests;
				PRODUCT_NAME = "$(TARGET_NAME)";
				SWIFT_VERSION = 4.0;
				TARGETED_DEVICE_FAMILY = "1,2";
				TEST_HOST = "$(BUILT_PRODUCTS_DIR)/ButtonFunZacC.app/ButtonFunZacC";
			};
			name = Debug;
		};
		A7025FAE2028F9F700E9239E /* Release */ = {
			isa = XCBuildConfiguration;
			buildSettings = {
				ALWAYS_EMBED_SWIFT_STANDARD_LIBRARIES = YES;
				BUNDLE_LOADER = "$(TEST_HOST)";
				CODE_SIGN_STYLE = Automatic;
				INFOPLIST_FILE = ButtonFunZacCTests/Info.plist;
				LD_RUNPATH_SEARCH_PATHS = "$(inherited) @executable_path/Frameworks @loader_path/Frameworks";
				PRODUCT_BUNDLE_IDENTIFIER = com.BKG.ButtonFunZacCTests;
				PRODUCT_NAME = "$(TARGET_NAME)";
				SWIFT_VERSION = 4.0;
				TARGETED_DEVICE_FAMILY = "1,2";
				TEST_HOST = "$(BUILT_PRODUCTS_DIR)/ButtonFunZacC.app/ButtonFunZacC";
			};
			name = Release;
		};
		A7025FB02028F9F700E9239E /* Debug */ = {
			isa = XCBuildConfiguration;
			buildSettings = {
				ALWAYS_EMBED_SWIFT_STANDARD_LIBRARIES = YES;
				CODE_SIGN_STYLE = Automatic;
				INFOPLIST_FILE = ButtonFunZacCUITests/Info.plist;
				LD_RUNPATH_SEARCH_PATHS = "$(inherited) @executable_path/Frameworks @loader_path/Frameworks";
				PRODUCT_BUNDLE_IDENTIFIER = com.BKG.ButtonFunZacCUITests;
				PRODUCT_NAME = "$(TARGET_NAME)";
				SWIFT_VERSION = 4.0;
				TARGETED_DEVICE_FAMILY = "1,2";
				TEST_TARGET_NAME = ButtonFunZacC;
			};
			name = Debug;
		};
		A7025FB12028F9F700E9239E /* Release */ = {
			isa = XCBuildConfiguration;
			buildSettings = {
				ALWAYS_EMBED_SWIFT_STANDARD_LIBRARIES = YES;
				CODE_SIGN_STYLE = Automatic;
				INFOPLIST_FILE = ButtonFunZacCUITests/Info.plist;
				LD_RUNPATH_SEARCH_PATHS = "$(inherited) @executable_path/Frameworks @loader_path/Frameworks";
				PRODUCT_BUNDLE_IDENTIFIER = com.BKG.ButtonFunZacCUITests;
				PRODUCT_NAME = "$(TARGET_NAME)";
				SWIFT_VERSION = 4.0;
				TARGETED_DEVICE_FAMILY = "1,2";
				TEST_TARGET_NAME = ButtonFunZacC;
			};
			name = Release;
		};
/* End XCBuildConfiguration section */

/* Begin XCConfigurationList section */
		A7025F792028F9F600E9239E /* Build configuration list for PBXProject "ButtonFunZacC" */ = {
			isa = XCConfigurationList;
			buildConfigurations = (
				A7025FA72028F9F700E9239E /* Debug */,
				A7025FA82028F9F700E9239E /* Release */,
			);
			defaultConfigurationIsVisible = 0;
			defaultConfigurationName = Release;
		};
		A7025FA92028F9F700E9239E /* Build configuration list for PBXNativeTarget "ButtonFunZacC" */ = {
			isa = XCConfigurationList;
			buildConfigurations = (
				A7025FAA2028F9F700E9239E /* Debug */,
				A7025FAB2028F9F700E9239E /* Release */,
			);
			defaultConfigurationIsVisible = 0;
			defaultConfigurationName = Release;
		};
		A7025FAC2028F9F700E9239E /* Build configuration list for PBXNativeTarget "ButtonFunZacCTests" */ = {
			isa = XCConfigurationList;
			buildConfigurations = (
				A7025FAD2028F9F700E9239E /* Debug */,
				A7025FAE2028F9F700E9239E /* Release */,
			);
			defaultConfigurationIsVisible = 0;
			defaultConfigurationName = Release;
		};
		A7025FAF2028F9F700E9239E /* Build configuration list for PBXNativeTarget "ButtonFunZacCUITests" */ = {
			isa = XCConfigurationList;
			buildConfigurations = (
				A7025FB02028F9F700E9239E /* Debug */,
				A7025FB12028F9F700E9239E /* Release */,
			);
			defaultConfigurationIsVisible = 0;
			defaultConfigurationName = Release;
		};
/* End XCConfigurationList section */

/* Begin XCVersionGroup section */
		A7025F882028F9F600E9239E /* ButtonFunZacC.xcdatamodeld */ = {
			isa = XCVersionGroup;
			children = (
				A7025F892028F9F600E9239E /* ButtonFunZacC.xcdatamodel */,
			);
			currentVersion = A7025F892028F9F600E9239E /* ButtonFunZacC.xcdatamodel */;
			path = ButtonFunZacC.xcdatamodeld;
			sourceTree = "<group>";
			versionGroupType = wrapper.xcdatamodel;
		};
/* End XCVersionGroup section */
	};
	rootObject = A7025F762028F9F600E9239E /* Project object */;
}
